
Microsoft Visual Studio Solution File, Format Version 12.00
Project("{FAE04EC0-301F-11D3-BF4B-00C04F79EFBC}") = "Shahab.Extensions.Configuration.SqlServerConfiguration", "Shahab.Extensions.Configuration.SqlServerConfiguration\Shahab.Extensions.Configuration.SqlServerConfiguration.csproj", "{561B76EC-3280-4F70-B99F-1066F851E01F}"
EndProject
Project("{FAE04EC0-301F-11D3-BF4B-00C04F79EFBC}") = "Shahab.SqlServerConfiguration.AspNetCore", "Shahab.SqlServerConfiguration.AspNetCore\Shahab.SqlServerConfiguration.AspNetCore.csproj", "{8C5877BB-4B6A-428F-A848-85EB277473CA}"
EndProject
Project("{2150E333-8FDC-42A3-9474-1A3956D46DE8}") = "docs", "docs", "{7EF41AEF-25B5-4EF1-85F4-6956BCEBB297}"
	ProjectSection(SolutionItems) = preProject
		README.md = README.md
	EndProjectSection
EndProject
Project("{2150E333-8FDC-42A3-9474-1A3956D46DE8}") = "example", "example", "{B9073D37-18A5-49DE-8C98-11F80B0A9638}"
EndProject
Project("{FAE04EC0-301F-11D3-BF4B-00C04F79EFBC}") = "Sample.WebApi", "example\Sample.WebApi\Sample.WebApi.csproj", "{F4D60D24-391B-4453-AC9B-32A09D73F367}"
EndProject
Project("{2150E333-8FDC-42A3-9474-1A3956D46DE8}") = "src", "src", "{F961A0ED-9546-4D9C-9728-3D42A4A41A15}"
EndProject
Project("{2150E333-8FDC-42A3-9474-1A3956D46DE8}") = "_global", "_global", "{E4DCA0B1-C4AB-49B0-A94F-D9C657997C25}"
	ProjectSection(SolutionItems) = preProject
		global.json = global.json
		Dircetory.Build.props = Dircetory.Build.props
	EndProjectSection
EndProject
Project("{9A19103F-16F7-4668-BE54-9A1E7A4F7556}") = "_build", "build\_build.csproj", "{9B2AB77B-FFBD-4798-A438-CEC7C2330EEA}"
EndProject
Global
	GlobalSection(SolutionConfigurationPlatforms) = preSolution
		Debug|Any CPU = Debug|Any CPU
		Release|Any CPU = Release|Any CPU
	EndGlobalSection
	GlobalSection(ProjectConfigurationPlatforms) = postSolution
		{9B2AB77B-FFBD-4798-A438-CEC7C2330EEA}.Debug|Any CPU.ActiveCfg = Debug|Any CPU
		{9B2AB77B-FFBD-4798-A438-CEC7C2330EEA}.Release|Any CPU.ActiveCfg = Release|Any CPU
		{561B76EC-3280-4F70-B99F-1066F851E01F}.Debug|Any CPU.ActiveCfg = Debug|Any CPU
		{561B76EC-3280-4F70-B99F-1066F851E01F}.Debug|Any CPU.Build.0 = Debug|Any CPU
		{561B76EC-3280-4F70-B99F-1066F851E01F}.Release|Any CPU.ActiveCfg = Release|Any CPU
		{561B76EC-3280-4F70-B99F-1066F851E01F}.Release|Any CPU.Build.0 = Release|Any CPU
		{8C5877BB-4B6A-428F-A848-85EB277473CA}.Debug|Any CPU.ActiveCfg = Debug|Any CPU
		{8C5877BB-4B6A-428F-A848-85EB277473CA}.Debug|Any CPU.Build.0 = Debug|Any CPU
		{8C5877BB-4B6A-428F-A848-85EB277473CA}.Release|Any CPU.ActiveCfg = Release|Any CPU
		{8C5877BB-4B6A-428F-A848-85EB277473CA}.Release|Any CPU.Build.0 = Release|Any CPU
		{F4D60D24-391B-4453-AC9B-32A09D73F367}.Debug|Any CPU.ActiveCfg = Debug|Any CPU
		{F4D60D24-391B-4453-AC9B-32A09D73F367}.Debug|Any CPU.Build.0 = Debug|Any CPU
		{F4D60D24-391B-4453-AC9B-32A09D73F367}.Release|Any CPU.ActiveCfg = Release|Any CPU
		{F4D60D24-391B-4453-AC9B-32A09D73F367}.Release|Any CPU.Build.0 = Release|Any CPU
	EndGlobalSection
	GlobalSection(NestedProjects) = preSolution
		{F4D60D24-391B-4453-AC9B-32A09D73F367} = {B9073D37-18A5-49DE-8C98-11F80B0A9638}
		{561B76EC-3280-4F70-B99F-1066F851E01F} = {F961A0ED-9546-4D9C-9728-3D42A4A41A15}
		{8C5877BB-4B6A-428F-A848-85EB277473CA} = {F961A0ED-9546-4D9C-9728-3D42A4A41A15}
	EndGlobalSection
EndGlobal
