
Microsoft Visual Studio Solution File, Format Version 12.00
Project("{FAE04EC0-301F-11D3-BF4B-00C04F79EFBC}") = "Shahab.Extensions.Configuration.SqlServerConfiguration", "Shahab.Extensions.Configuration.SqlServerConfiguration\Shahab.Extensions.Configuration.SqlServerConfiguration.csproj", "{561B76EC-3280-4F70-B99F-1066F851E01F}"
EndProject
Project("{FAE04EC0-301F-11D3-BF4B-00C04F79EFBC}") = "Shahab.SqlServerConfiguration.AspNetCore", "Shahab.SqlServerConfiguration.AspNetCore\Shahab.SqlServerConfiguration.AspNetCore.csproj", "{8C5877BB-4B6A-428F-A848-85EB277473CA}"
EndProject
Global
	GlobalSection(SolutionConfigurationPlatforms) = preSolution
		Debug|Any CPU = Debug|Any CPU
		Release|Any CPU = Release|Any CPU
	EndGlobalSection
	GlobalSection(ProjectConfigurationPlatforms) = postSolution
		{561B76EC-3280-4F70-B99F-1066F851E01F}.Debug|Any CPU.ActiveCfg = Debug|Any CPU
		{561B76EC-3280-4F70-B99F-1066F851E01F}.Debug|Any CPU.Build.0 = Debug|Any CPU
		{561B76EC-3280-4F70-B99F-1066F851E01F}.Release|Any CPU.ActiveCfg = Release|Any CPU
		{561B76EC-3280-4F70-B99F-1066F851E01F}.Release|Any CPU.Build.0 = Release|Any CPU
		{8C5877BB-4B6A-428F-A848-85EB277473CA}.Debug|Any CPU.ActiveCfg = Debug|Any CPU
		{8C5877BB-4B6A-428F-A848-85EB277473CA}.Debug|Any CPU.Build.0 = Debug|Any CPU
		{8C5877BB-4B6A-428F-A848-85EB277473CA}.Release|Any CPU.ActiveCfg = Release|Any CPU
		{8C5877BB-4B6A-428F-A848-85EB277473CA}.Release|Any CPU.Build.0 = Release|Any CPU
	EndGlobalSection
EndGlobal
